
Microsoft Visual Studio Solution File, Format Version 11.00
# Visual Studio 2010
Project("{FAE04EC0-301F-11D3-BF4B-00C04F79EFBC}") = "Assembly-CSharp", "Assembly-CSharp.csproj", "{AEDC83A8-1316-3D5A-EBEC-F354E84E5F67}"
EndProject
Project("{FAE04EC0-301F-11D3-BF4B-00C04F79EFBC}") = "Assembly-CSharp-Editor", "Assembly-CSharp-Editor.csproj", "{2706F87A-C479-5734-9CFC-8857A3F0985C}"
EndProject
Global
	GlobalSection(SolutionConfigurationPlatforms) = preSolution
		Debug|Any CPU = Debug|Any CPU
		Release|Any CPU = Release|Any CPU
	EndGlobalSection
	GlobalSection(ProjectConfigurationPlatforms) = postSolution
		{AEDC83A8-1316-3D5A-EBEC-F354E84E5F67}.Debug|Any CPU.ActiveCfg = Debug|Any CPU
		{AEDC83A8-1316-3D5A-EBEC-F354E84E5F67}.Debug|Any CPU.Build.0 = Debug|Any CPU
		{AEDC83A8-1316-3D5A-EBEC-F354E84E5F67}.Release|Any CPU.ActiveCfg = Release|Any CPU
		{AEDC83A8-1316-3D5A-EBEC-F354E84E5F67}.Release|Any CPU.Build.0 = Release|Any CPU
		{2706F87A-C479-5734-9CFC-8857A3F0985C}.Debug|Any CPU.ActiveCfg = Debug|Any CPU
		{2706F87A-C479-5734-9CFC-8857A3F0985C}.Debug|Any CPU.Build.0 = Debug|Any CPU
		{2706F87A-C479-5734-9CFC-8857A3F0985C}.Release|Any CPU.ActiveCfg = Release|Any CPU
		{2706F87A-C479-5734-9CFC-8857A3F0985C}.Release|Any CPU.Build.0 = Release|Any CPU
	EndGlobalSection
	GlobalSection(SolutionProperties) = preSolution
		HideSolutionNode = FALSE
	EndGlobalSection
	GlobalSection(MonoDevelopProperties) = preSolution
		StartupItem = Assembly-CSharp.csproj
	EndGlobalSection
EndGlobal
